
Microsoft Visual Studio Solution File, Format Version 12.00
# Visual Studio Version 16
VisualStudioVersion = 16.0.30114.105
MinimumVisualStudioVersion = 10.0.40219.1
Project("{8BC9CEB8-8B4A-11D0-8D11-00A0C91BC942}") = "Code", "Code\Code.vcxproj", "{D3D919FA-B41E-400A-B86D-857BB023863C}"
EndProject
Project("{8BC9CEB8-8B4A-11D0-8D11-00A0C91BC942}") = "关系运算符和逻辑运算符", "关系运算符和逻辑运算符\关系运算符和逻辑运算符.vcxproj", "{6FF9329F-B846-41D9-BA39-624615B9D7F0}"
EndProject
Project("{8BC9CEB8-8B4A-11D0-8D11-00A0C91BC942}") = "分支结构", "switch语句\switch语句.vcxproj", "{F6FE11DA-78E8-4CA8-AB27-F17F98093FAA}"
EndProject
Project("{8BC9CEB8-8B4A-11D0-8D11-00A0C91BC942}") = "循环结构", "循环结构\循环结构.vcxproj", "{BAA7A8CD-893D-45B1-ACA8-233E70335CF3}"
EndProject
Project("{8BC9CEB8-8B4A-11D0-8D11-00A0C91BC942}") = "break_continue", "break_continue\break_continue.vcxproj", "{178D84F4-67F4-4DDA-BD35-53711ED2831B}"
EndProject
Project("{8BC9CEB8-8B4A-11D0-8D11-00A0C91BC942}") = "第一阶段", "第一阶段\第一阶段.vcxproj", "{1BF0E283-1A37-4A3A-8A7D-F2C7B2F22845}"
EndProject
Project("{8BC9CEB8-8B4A-11D0-8D11-00A0C91BC942}") = "数组", "数组\数组.vcxproj", "{EBB67D8D-ED85-4AAA-9A48-659581323000}"
EndProject
Project("{8BC9CEB8-8B4A-11D0-8D11-00A0C91BC942}") = "字符串处理函数", "字符串处理函数\字符串处理函数.vcxproj", "{D26CDF41-8655-4807-9C7C-9B14D1C62934}"
EndProject
Project("{8BC9CEB8-8B4A-11D0-8D11-00A0C91BC942}") = "二维数组", "二维数组\二维数组.vcxproj", "{7EB4DD0B-4AD8-4D92-8E4C-8700FE0FB450}"
EndProject
Project("{8BC9CEB8-8B4A-11D0-8D11-00A0C91BC942}") = "指针", "指针\指针.vcxproj", "{74A205D5-428A-44F8-AA5D-DFD859690801}"
EndProject
Project("{8BC9CEB8-8B4A-11D0-8D11-00A0C91BC942}") = "指针数组", "指针数组\指针数组.vcxproj", "{4618B61C-4B2E-4061-BB5D-85728C8925C0}"
EndProject
Project("{8BC9CEB8-8B4A-11D0-8D11-00A0C91BC942}") = "指针数组和数组指针", "指针数组和数组指针\指针数组和数组指针.vcxproj", "{36F50E08-D362-4C18-9542-3A03E378B818}"
EndProject
Project("{8BC9CEB8-8B4A-11D0-8D11-00A0C91BC942}") = "测试", "测试\测试.vcxproj", "{B4E083F3-7160-4AD3-9364-7EBE7210DC23}"
EndProject
Project("{8BC9CEB8-8B4A-11D0-8D11-00A0C91BC942}") = "指针和二维数组", "指针和二维数组\指针和二维数组.vcxproj", "{C21E5A8E-D83A-48B8-A7CB-7A398FB5F2A0}"
EndProject
Project("{8BC9CEB8-8B4A-11D0-8D11-00A0C91BC942}") = "void指针NULL指针", "void指针NULL指针\void指针NULL指针.vcxproj", "{947C5194-EE0F-44AF-8877-C563B8A5C10D}"
EndProject
Global
	GlobalSection(SolutionConfigurationPlatforms) = preSolution
		Debug|x64 = Debug|x64
		Debug|x86 = Debug|x86
		Release|x64 = Release|x64
		Release|x86 = Release|x86
	EndGlobalSection
	GlobalSection(ProjectConfigurationPlatforms) = postSolution
		{D3D919FA-B41E-400A-B86D-857BB023863C}.Debug|x64.ActiveCfg = Debug|x64
		{D3D919FA-B41E-400A-B86D-857BB023863C}.Debug|x64.Build.0 = Debug|x64
		{D3D919FA-B41E-400A-B86D-857BB023863C}.Debug|x86.ActiveCfg = Debug|Win32
		{D3D919FA-B41E-400A-B86D-857BB023863C}.Debug|x86.Build.0 = Debug|Win32
		{D3D919FA-B41E-400A-B86D-857BB023863C}.Release|x64.ActiveCfg = Release|x64
		{D3D919FA-B41E-400A-B86D-857BB023863C}.Release|x64.Build.0 = Release|x64
		{D3D919FA-B41E-400A-B86D-857BB023863C}.Release|x86.ActiveCfg = Release|Win32
		{D3D919FA-B41E-400A-B86D-857BB023863C}.Release|x86.Build.0 = Release|Win32
		{6FF9329F-B846-41D9-BA39-624615B9D7F0}.Debug|x64.ActiveCfg = Debug|x64
		{6FF9329F-B846-41D9-BA39-624615B9D7F0}.Debug|x64.Build.0 = Debug|x64
		{6FF9329F-B846-41D9-BA39-624615B9D7F0}.Debug|x86.ActiveCfg = Debug|Win32
		{6FF9329F-B846-41D9-BA39-624615B9D7F0}.Debug|x86.Build.0 = Debug|Win32
		{6FF9329F-B846-41D9-BA39-624615B9D7F0}.Release|x64.ActiveCfg = Release|x64
		{6FF9329F-B846-41D9-BA39-624615B9D7F0}.Release|x64.Build.0 = Release|x64
		{6FF9329F-B846-41D9-BA39-624615B9D7F0}.Release|x86.ActiveCfg = Release|Win32
		{6FF9329F-B846-41D9-BA39-624615B9D7F0}.Release|x86.Build.0 = Release|Win32
		{F6FE11DA-78E8-4CA8-AB27-F17F98093FAA}.Debug|x64.ActiveCfg = Debug|x64
		{F6FE11DA-78E8-4CA8-AB27-F17F98093FAA}.Debug|x64.Build.0 = Debug|x64
		{F6FE11DA-78E8-4CA8-AB27-F17F98093FAA}.Debug|x86.ActiveCfg = Debug|Win32
		{F6FE11DA-78E8-4CA8-AB27-F17F98093FAA}.Debug|x86.Build.0 = Debug|Win32
		{F6FE11DA-78E8-4CA8-AB27-F17F98093FAA}.Release|x64.ActiveCfg = Release|x64
		{F6FE11DA-78E8-4CA8-AB27-F17F98093FAA}.Release|x64.Build.0 = Release|x64
		{F6FE11DA-78E8-4CA8-AB27-F17F98093FAA}.Release|x86.ActiveCfg = Release|Win32
		{F6FE11DA-78E8-4CA8-AB27-F17F98093FAA}.Release|x86.Build.0 = Release|Win32
		{BAA7A8CD-893D-45B1-ACA8-233E70335CF3}.Debug|x64.ActiveCfg = Debug|x64
		{BAA7A8CD-893D-45B1-ACA8-233E70335CF3}.Debug|x64.Build.0 = Debug|x64
		{BAA7A8CD-893D-45B1-ACA8-233E70335CF3}.Debug|x86.ActiveCfg = Debug|Win32
		{BAA7A8CD-893D-45B1-ACA8-233E70335CF3}.Debug|x86.Build.0 = Debug|Win32
		{BAA7A8CD-893D-45B1-ACA8-233E70335CF3}.Release|x64.ActiveCfg = Release|x64
		{BAA7A8CD-893D-45B1-ACA8-233E70335CF3}.Release|x64.Build.0 = Release|x64
		{BAA7A8CD-893D-45B1-ACA8-233E70335CF3}.Release|x86.ActiveCfg = Release|Win32
		{BAA7A8CD-893D-45B1-ACA8-233E70335CF3}.Release|x86.Build.0 = Release|Win32
		{178D84F4-67F4-4DDA-BD35-53711ED2831B}.Debug|x64.ActiveCfg = Debug|x64
		{178D84F4-67F4-4DDA-BD35-53711ED2831B}.Debug|x64.Build.0 = Debug|x64
		{178D84F4-67F4-4DDA-BD35-53711ED2831B}.Debug|x86.ActiveCfg = Debug|Win32
		{178D84F4-67F4-4DDA-BD35-53711ED2831B}.Debug|x86.Build.0 = Debug|Win32
		{178D84F4-67F4-4DDA-BD35-53711ED2831B}.Release|x64.ActiveCfg = Release|x64
		{178D84F4-67F4-4DDA-BD35-53711ED2831B}.Release|x64.Build.0 = Release|x64
		{178D84F4-67F4-4DDA-BD35-53711ED2831B}.Release|x86.ActiveCfg = Release|Win32
		{178D84F4-67F4-4DDA-BD35-53711ED2831B}.Release|x86.Build.0 = Release|Win32
		{1BF0E283-1A37-4A3A-8A7D-F2C7B2F22845}.Debug|x64.ActiveCfg = Debug|x64
		{1BF0E283-1A37-4A3A-8A7D-F2C7B2F22845}.Debug|x64.Build.0 = Debug|x64
		{1BF0E283-1A37-4A3A-8A7D-F2C7B2F22845}.Debug|x86.ActiveCfg = Debug|Win32
		{1BF0E283-1A37-4A3A-8A7D-F2C7B2F22845}.Debug|x86.Build.0 = Debug|Win32
		{1BF0E283-1A37-4A3A-8A7D-F2C7B2F22845}.Release|x64.ActiveCfg = Release|x64
		{1BF0E283-1A37-4A3A-8A7D-F2C7B2F22845}.Release|x64.Build.0 = Release|x64
		{1BF0E283-1A37-4A3A-8A7D-F2C7B2F22845}.Release|x86.ActiveCfg = Release|Win32
		{1BF0E283-1A37-4A3A-8A7D-F2C7B2F22845}.Release|x86.Build.0 = Release|Win32
		{EBB67D8D-ED85-4AAA-9A48-659581323000}.Debug|x64.ActiveCfg = Debug|x64
		{EBB67D8D-ED85-4AAA-9A48-659581323000}.Debug|x64.Build.0 = Debug|x64
		{EBB67D8D-ED85-4AAA-9A48-659581323000}.Debug|x86.ActiveCfg = Debug|Win32
		{EBB67D8D-ED85-4AAA-9A48-659581323000}.Debug|x86.Build.0 = Debug|Win32
		{EBB67D8D-ED85-4AAA-9A48-659581323000}.Release|x64.ActiveCfg = Release|x64
		{EBB67D8D-ED85-4AAA-9A48-659581323000}.Release|x64.Build.0 = Release|x64
		{EBB67D8D-ED85-4AAA-9A48-659581323000}.Release|x86.ActiveCfg = Release|Win32
		{EBB67D8D-ED85-4AAA-9A48-659581323000}.Release|x86.Build.0 = Release|Win32
		{D26CDF41-8655-4807-9C7C-9B14D1C62934}.Debug|x64.ActiveCfg = Debug|x64
		{D26CDF41-8655-4807-9C7C-9B14D1C62934}.Debug|x64.Build.0 = Debug|x64
		{D26CDF41-8655-4807-9C7C-9B14D1C62934}.Debug|x86.ActiveCfg = Debug|Win32
		{D26CDF41-8655-4807-9C7C-9B14D1C62934}.Debug|x86.Build.0 = Debug|Win32
		{D26CDF41-8655-4807-9C7C-9B14D1C62934}.Release|x64.ActiveCfg = Release|x64
		{D26CDF41-8655-4807-9C7C-9B14D1C62934}.Release|x64.Build.0 = Release|x64
		{D26CDF41-8655-4807-9C7C-9B14D1C62934}.Release|x86.ActiveCfg = Release|Win32
		{D26CDF41-8655-4807-9C7C-9B14D1C62934}.Release|x86.Build.0 = Release|Win32
		{7EB4DD0B-4AD8-4D92-8E4C-8700FE0FB450}.Debug|x64.ActiveCfg = Debug|x64
		{7EB4DD0B-4AD8-4D92-8E4C-8700FE0FB450}.Debug|x64.Build.0 = Debug|x64
		{7EB4DD0B-4AD8-4D92-8E4C-8700FE0FB450}.Debug|x86.ActiveCfg = Debug|Win32
		{7EB4DD0B-4AD8-4D92-8E4C-8700FE0FB450}.Debug|x86.Build.0 = Debug|Win32
		{7EB4DD0B-4AD8-4D92-8E4C-8700FE0FB450}.Release|x64.ActiveCfg = Release|x64
		{7EB4DD0B-4AD8-4D92-8E4C-8700FE0FB450}.Release|x64.Build.0 = Release|x64
		{7EB4DD0B-4AD8-4D92-8E4C-8700FE0FB450}.Release|x86.ActiveCfg = Release|Win32
		{7EB4DD0B-4AD8-4D92-8E4C-8700FE0FB450}.Release|x86.Build.0 = Release|Win32
		{74A205D5-428A-44F8-AA5D-DFD859690801}.Debug|x64.ActiveCfg = Debug|x64
		{74A205D5-428A-44F8-AA5D-DFD859690801}.Debug|x64.Build.0 = Debug|x64
		{74A205D5-428A-44F8-AA5D-DFD859690801}.Debug|x86.ActiveCfg = Debug|Win32
		{74A205D5-428A-44F8-AA5D-DFD859690801}.Debug|x86.Build.0 = Debug|Win32
		{74A205D5-428A-44F8-AA5D-DFD859690801}.Release|x64.ActiveCfg = Release|x64
		{74A205D5-428A-44F8-AA5D-DFD859690801}.Release|x64.Build.0 = Release|x64
		{74A205D5-428A-44F8-AA5D-DFD859690801}.Release|x86.ActiveCfg = Release|Win32
		{74A205D5-428A-44F8-AA5D-DFD859690801}.Release|x86.Build.0 = Release|Win32
		{4618B61C-4B2E-4061-BB5D-85728C8925C0}.Debug|x64.ActiveCfg = Debug|x64
		{4618B61C-4B2E-4061-BB5D-85728C8925C0}.Debug|x64.Build.0 = Debug|x64
		{4618B61C-4B2E-4061-BB5D-85728C8925C0}.Debug|x86.ActiveCfg = Debug|Win32
		{4618B61C-4B2E-4061-BB5D-85728C8925C0}.Debug|x86.Build.0 = Debug|Win32
		{4618B61C-4B2E-4061-BB5D-85728C8925C0}.Release|x64.ActiveCfg = Release|x64
		{4618B61C-4B2E-4061-BB5D-85728C8925C0}.Release|x64.Build.0 = Release|x64
		{4618B61C-4B2E-4061-BB5D-85728C8925C0}.Release|x86.ActiveCfg = Release|Win32
		{4618B61C-4B2E-4061-BB5D-85728C8925C0}.Release|x86.Build.0 = Release|Win32
		{36F50E08-D362-4C18-9542-3A03E378B818}.Debug|x64.ActiveCfg = Debug|x64
		{36F50E08-D362-4C18-9542-3A03E378B818}.Debug|x64.Build.0 = Debug|x64
		{36F50E08-D362-4C18-9542-3A03E378B818}.Debug|x86.ActiveCfg = Debug|Win32
		{36F50E08-D362-4C18-9542-3A03E378B818}.Debug|x86.Build.0 = Debug|Win32
		{36F50E08-D362-4C18-9542-3A03E378B818}.Release|x64.ActiveCfg = Release|x64
		{36F50E08-D362-4C18-9542-3A03E378B818}.Release|x64.Build.0 = Release|x64
		{36F50E08-D362-4C18-9542-3A03E378B818}.Release|x86.ActiveCfg = Release|Win32
		{36F50E08-D362-4C18-9542-3A03E378B818}.Release|x86.Build.0 = Release|Win32
		{B4E083F3-7160-4AD3-9364-7EBE7210DC23}.Debug|x64.ActiveCfg = Debug|x64
		{B4E083F3-7160-4AD3-9364-7EBE7210DC23}.Debug|x64.Build.0 = Debug|x64
		{B4E083F3-7160-4AD3-9364-7EBE7210DC23}.Debug|x86.ActiveCfg = Debug|Win32
		{B4E083F3-7160-4AD3-9364-7EBE7210DC23}.Debug|x86.Build.0 = Debug|Win32
		{B4E083F3-7160-4AD3-9364-7EBE7210DC23}.Release|x64.ActiveCfg = Release|x64
		{B4E083F3-7160-4AD3-9364-7EBE7210DC23}.Release|x64.Build.0 = Release|x64
		{B4E083F3-7160-4AD3-9364-7EBE7210DC23}.Release|x86.ActiveCfg = Release|Win32
		{B4E083F3-7160-4AD3-9364-7EBE7210DC23}.Release|x86.Build.0 = Release|Win32
		{C21E5A8E-D83A-48B8-A7CB-7A398FB5F2A0}.Debug|x64.ActiveCfg = Debug|x64
		{C21E5A8E-D83A-48B8-A7CB-7A398FB5F2A0}.Debug|x64.Build.0 = Debug|x64
		{C21E5A8E-D83A-48B8-A7CB-7A398FB5F2A0}.Debug|x86.ActiveCfg = Debug|Win32
		{C21E5A8E-D83A-48B8-A7CB-7A398FB5F2A0}.Debug|x86.Build.0 = Debug|Win32
		{C21E5A8E-D83A-48B8-A7CB-7A398FB5F2A0}.Release|x64.ActiveCfg = Release|x64
		{C21E5A8E-D83A-48B8-A7CB-7A398FB5F2A0}.Release|x64.Build.0 = Release|x64
		{C21E5A8E-D83A-48B8-A7CB-7A398FB5F2A0}.Release|x86.ActiveCfg = Release|Win32
		{C21E5A8E-D83A-48B8-A7CB-7A398FB5F2A0}.Release|x86.Build.0 = Release|Win32
		{947C5194-EE0F-44AF-8877-C563B8A5C10D}.Debug|x64.ActiveCfg = Debug|x64
		{947C5194-EE0F-44AF-8877-C563B8A5C10D}.Debug|x64.Build.0 = Debug|x64
		{947C5194-EE0F-44AF-8877-C563B8A5C10D}.Debug|x86.ActiveCfg = Debug|Win32
		{947C5194-EE0F-44AF-8877-C563B8A5C10D}.Debug|x86.Build.0 = Debug|Win32
		{947C5194-EE0F-44AF-8877-C563B8A5C10D}.Release|x64.ActiveCfg = Release|x64
		{947C5194-EE0F-44AF-8877-C563B8A5C10D}.Release|x64.Build.0 = Release|x64
		{947C5194-EE0F-44AF-8877-C563B8A5C10D}.Release|x86.ActiveCfg = Release|Win32
		{947C5194-EE0F-44AF-8877-C563B8A5C10D}.Release|x86.Build.0 = Release|Win32
	EndGlobalSection
	GlobalSection(SolutionProperties) = preSolution
		HideSolutionNode = FALSE
	EndGlobalSection
	GlobalSection(ExtensibilityGlobals) = postSolution
		SolutionGuid = {136EF0F0-1B0A-483A-B915-ABF1B6C3F34A}
	EndGlobalSection
EndGlobal
